
Microsoft Visual Studio Solution File, Format Version 12.00
# Visual Studio Version 16
VisualStudioVersion = 16.0.30717.126
MinimumVisualStudioVersion = 10.0.40219.1
Project("{FAE04EC0-301F-11D3-BF4B-00C04F79EFBC}") = "Gestao _de_Contrato", "Gestao _de_Contrato\Gestao _de_Contrato.csproj", "{CAAAE6D3-6529-4A6C-AB56-21897510C7FF}"
EndProject
Global
	GlobalSection(SolutionConfigurationPlatforms) = preSolution
		Debug|Any CPU = Debug|Any CPU
		Release|Any CPU = Release|Any CPU
	EndGlobalSection
	GlobalSection(ProjectConfigurationPlatforms) = postSolution
		{CAAAE6D3-6529-4A6C-AB56-21897510C7FF}.Debug|Any CPU.ActiveCfg = Debug|Any CPU
		{CAAAE6D3-6529-4A6C-AB56-21897510C7FF}.Debug|Any CPU.Build.0 = Debug|Any CPU
		{CAAAE6D3-6529-4A6C-AB56-21897510C7FF}.Release|Any CPU.ActiveCfg = Release|Any CPU
		{CAAAE6D3-6529-4A6C-AB56-21897510C7FF}.Release|Any CPU.Build.0 = Release|Any CPU
	EndGlobalSection
	GlobalSection(SolutionProperties) = preSolution
		HideSolutionNode = FALSE
	EndGlobalSection
	GlobalSection(ExtensibilityGlobals) = postSolution
		SolutionGuid = {623BF155-F0E8-44DE-959C-81779700AC0D}
	EndGlobalSection
EndGlobal
